{
  "object": {
    "pins": [
      {
        "package": "geos",
        "repositoryURL": "https://github.com/GEOSwift/geos.git",
        "state": {
          "branch": null,
          "revision": "f510e634c822116fca615064d889300dba40d761",
          "version": "8.1.0"
        }
      },
      {
        "package": "GeospatialSwift",
        "repositoryURL": "https://github.com/MonsantoCo/GeospatialSwift.git",
        "state": {
          "branch": null,
          "revision": "207925630c0a19596577203fdc7c5f4047ac2a42",
          "version": "1.2.0"
        }
      },
      {
        "package": "TimberSwift",
        "repositoryURL": "https://github.com/MonsantoCo/TimberSwift.git",
        "state": {
          "branch": null,
          "revision": "9a6dbed387d73aab6239a55d49204bf440b71cc9",
          "version": "1.0.0"
        }
      }
    ]
  },
  "version": 1
}
