{
  "originHash" : "dcf15dac5bdee69dc335d31949eff0e74028f894a8fd89383db91a57fda53808",
  "pins" : [
    {
      "identity" : "geos",
      "kind" : "remoteSourceControl",
      "location" : "https://github.com/GEOSwift/geos.git",
      "state" : {
        "revision" : "f510e634c822116fca615064d889300dba40d761",
        "version" : "8.1.0"
      }
    },
    {
      "identity" : "geospatialswift",
      "kind" : "remoteSourceControl",
      "location" : "https://github.com/MonsantoCo/GeospatialSwift.git",
      "state" : {
        "branch" : "bug/SCOUT-2135-Isolation-Distance-is-not-accurate",
        "revision" : "b403aaa8e01283dfff0c95c1e1b36fa7d5f56e50"
      }
    },
    {
      "identity" : "timberswift",
      "kind" : "remoteSourceControl",
      "location" : "https://github.com/MonsantoCo/TimberSwift.git",
      "state" : {
        "revision" : "9a6dbed387d73aab6239a55d49204bf440b71cc9",
        "version" : "1.0.0"
      }
    }
  ],
  "version" : 3
}
