{
  "object": {
    "pins": [
      {
        "package": "GeospatialSwift",
        "repositoryURL": "https://github.com/MonsantoCo/GeospatialSwift.git",
        "state": {
          "branch": "expose-interface",
          "revision": "751cb49b4afaf56f3f3acde6d2633378073a3791",
          "version": null
        }
      },
      {
        "package": "TimberSwift",
        "repositoryURL": "https://github.com/MonsantoCo/TimberSwift.git",
        "state": {
          "branch": null,
          "revision": "9a6dbed387d73aab6239a55d49204bf440b71cc9",
          "version": "1.0.0"
        }
      }
    ]
  },
  "version": 1
}
